<Solution>
  <Folder Name="/Solution Items/">
    <File Path=".editorconfig" />
    <File Path="Directory.Build.props" />
    <File Path="Directory.Packages.props" />
  </Folder>
  <Folder Name="/src/">
    <Project Path="src/Parkwise.Application/Parkwise.Application.csproj" />
    <Project Path="src/Parkwise.Domain/Parkwise.Domain.csproj" />
    <Project Path="src/Parkwise.Infrastructure/Parkwise.Infrastructure.csproj" />
    <Project Path="src/Parkwise.WebApp\Parkwise.WebApp.csproj" />
  </Folder>
  <Folder Name="/host/">
    <Project Path="host/Parkwise.AppHost/Parkwise.AppHost.csproj" />
  </Folder>
</Solution>
